// !$*UTF8*$!
{
	archiveVersion = 1;
	classes = {
	};
	objectVersion = 50;
	objects = {

/* Begin PBXBuildFile section */
		07CC08E922258FC600A44B18 /* CharacterTableViewCell.swift in Sources */ = {isa = PBXBuildFile; fileRef = 07CC08E822258FC600A44B18 /* CharacterTableViewCell.swift */; };
		07CC08EB2225C0B600A44B18 /* DetailCharacterTableViewController.swift in Sources */ = {isa = PBXBuildFile; fileRef = 07CC08EA2225C0B600A44B18 /* DetailCharacterTableViewController.swift */; };
		07CC08ED2225C14100A44B18 /* DetailCharacterTableViewCell.swift in Sources */ = {isa = PBXBuildFile; fileRef = 07CC08EC2225C14100A44B18 /* DetailCharacterTableViewCell.swift */; };
		07F329A32224A1CB0061D8E2 /* AppDelegate.swift in Sources */ = {isa = PBXBuildFile; fileRef = 07F329A22224A1CB0061D8E2 /* AppDelegate.swift */; };
		07F329A52224A1CB0061D8E2 /* ViewController.swift in Sources */ = {isa = PBXBuildFile; fileRef = 07F329A42224A1CB0061D8E2 /* ViewController.swift */; };
		07F329A82224A1CB0061D8E2 /* Main.storyboard in Resources */ = {isa = PBXBuildFile; fileRef = 07F329A62224A1CB0061D8E2 /* Main.storyboard */; };
		07F329AA2224A1CD0061D8E2 /* Assets.xcassets in Resources */ = {isa = PBXBuildFile; fileRef = 07F329A92224A1CD0061D8E2 /* Assets.xcassets */; };
		07F329AD2224A1CD0061D8E2 /* LaunchScreen.storyboard in Resources */ = {isa = PBXBuildFile; fileRef = 07F329AB2224A1CD0061D8E2 /* LaunchScreen.storyboard */; };
		07F329B52224CB9C0061D8E2 /* CharacterTableViewController.swift in Sources */ = {isa = PBXBuildFile; fileRef = 07F329B42224CB9C0061D8E2 /* CharacterTableViewController.swift */; };
		07F329B722251D890061D8E2 /* Modelos.swift in Sources */ = {isa = PBXBuildFile; fileRef = 07F329B622251D890061D8E2 /* Modelos.swift */; };
/* End PBXBuildFile section */

/* Begin PBXFileReference section */
		07CC08E822258FC600A44B18 /* CharacterTableViewCell.swift */ = {isa = PBXFileReference; lastKnownFileType = sourcecode.swift; path = CharacterTableViewCell.swift; sourceTree = "<group>"; };
		07CC08EA2225C0B600A44B18 /* DetailCharacterTableViewController.swift */ = {isa = PBXFileReference; lastKnownFileType = sourcecode.swift; path = DetailCharacterTableViewController.swift; sourceTree = "<group>"; };
		07CC08EC2225C14100A44B18 /* DetailCharacterTableViewCell.swift */ = {isa = PBXFileReference; lastKnownFileType = sourcecode.swift; path = DetailCharacterTableViewCell.swift; sourceTree = "<group>"; };
		07F3299F2224A1CB0061D8E2 /* Rick&Morty.app */ = {isa = PBXFileReference; explicitFileType = wrapper.application; includeInIndex = 0; path = "Rick&Morty.app"; sourceTree = BUILT_PRODUCTS_DIR; };
		07F329A22224A1CB0061D8E2 /* AppDelegate.swift */ = {isa = PBXFileReference; lastKnownFileType = sourcecode.swift; path = AppDelegate.swift; sourceTree = "<group>"; };
		07F329A42224A1CB0061D8E2 /* ViewController.swift */ = {isa = PBXFileReference; lastKnownFileType = sourcecode.swift; path = ViewController.swift; sourceTree = "<group>"; };
		07F329A72224A1CB0061D8E2 /* Base */ = {isa = PBXFileReference; lastKnownFileType = file.storyboard; name = Base; path = Base.lproj/Main.storyboard; sourceTree = "<group>"; };
		07F329A92224A1CD0061D8E2 /* Assets.xcassets */ = {isa = PBXFileReference; lastKnownFileType = folder.assetcatalog; path = Assets.xcassets; sourceTree = "<group>"; };
		07F329AC2224A1CD0061D8E2 /* Base */ = {isa = PBXFileReference; lastKnownFileType = file.storyboard; name = Base; path = Base.lproj/LaunchScreen.storyboard; sourceTree = "<group>"; };
		07F329AE2224A1CD0061D8E2 /* Info.plist */ = {isa = PBXFileReference; lastKnownFileType = text.plist.xml; path = Info.plist; sourceTree = "<group>"; };
		07F329B42224CB9C0061D8E2 /* CharacterTableViewController.swift */ = {isa = PBXFileReference; lastKnownFileType = sourcecode.swift; path = CharacterTableViewController.swift; sourceTree = "<group>"; };
		07F329B622251D890061D8E2 /* Modelos.swift */ = {isa = PBXFileReference; lastKnownFileType = sourcecode.swift; path = Modelos.swift; sourceTree = "<group>"; };
/* End PBXFileReference section */

/* Begin PBXFrameworksBuildPhase section */
		07F3299C2224A1CB0061D8E2 /* Frameworks */ = {
			isa = PBXFrameworksBuildPhase;
			buildActionMask = 2147483647;
			files = (
			);
			runOnlyForDeploymentPostprocessing = 0;
		};
/* End PBXFrameworksBuildPhase section */

/* Begin PBXGroup section */
		07CC08E522258F6300A44B18 /* Controladores */ = {
			isa = PBXGroup;
			children = (
				07F329A42224A1CB0061D8E2 /* ViewController.swift */,
				07F329B42224CB9C0061D8E2 /* CharacterTableViewController.swift */,
				07CC08EA2225C0B600A44B18 /* DetailCharacterTableViewController.swift */,
			);
			path = Controladores;
			sourceTree = "<group>";
		};
		07CC08E722258F8200A44B18 /* Celdas */ = {
			isa = PBXGroup;
			children = (
				07CC08E822258FC600A44B18 /* CharacterTableViewCell.swift */,
				07CC08EC2225C14100A44B18 /* DetailCharacterTableViewCell.swift */,
			);
			path = Celdas;
			sourceTree = "<group>";
		};
		07F329962224A1CB0061D8E2 = {
			isa = PBXGroup;
			children = (
				07F329A12224A1CB0061D8E2 /* Rick&Morty */,
				07F329A02224A1CB0061D8E2 /* Products */,
			);
			sourceTree = "<group>";
		};
		07F329A02224A1CB0061D8E2 /* Products */ = {
			isa = PBXGroup;
			children = (
				07F3299F2224A1CB0061D8E2 /* Rick&Morty.app */,
			);
			name = Products;
			sourceTree = "<group>";
		};
		07F329A12224A1CB0061D8E2 /* Rick&Morty */ = {
			isa = PBXGroup;
			children = (
				07CC08E722258F8200A44B18 /* Celdas */,
				07CC08E522258F6300A44B18 /* Controladores */,
				07F329A22224A1CB0061D8E2 /* AppDelegate.swift */,
				07F329A62224A1CB0061D8E2 /* Main.storyboard */,
				07F329A92224A1CD0061D8E2 /* Assets.xcassets */,
				07F329AB2224A1CD0061D8E2 /* LaunchScreen.storyboard */,
				07F329AE2224A1CD0061D8E2 /* Info.plist */,
				07F329B622251D890061D8E2 /* Modelos.swift */,
			);
			path = "Rick&Morty";
			sourceTree = "<group>";
		};
/* End PBXGroup section */

/* Begin PBXNativeTarget section */
		07F3299E2224A1CB0061D8E2 /* Rick&Morty */ = {
			isa = PBXNativeTarget;
			buildConfigurationList = 07F329B12224A1CD0061D8E2 /* Build configuration list for PBXNativeTarget "Rick&Morty" */;
			buildPhases = (
				07F3299B2224A1CB0061D8E2 /* Sources */,
				07F3299C2224A1CB0061D8E2 /* Frameworks */,
				07F3299D2224A1CB0061D8E2 /* Resources */,
			);
			buildRules = (
			);
			dependencies = (
			);
			name = "Rick&Morty";
			productName = "Rick&Morty";
			productReference = 07F3299F2224A1CB0061D8E2 /* Rick&Morty.app */;
			productType = "com.apple.product-type.application";
		};
/* End PBXNativeTarget section */

/* Begin PBXProject section */
		07F329972224A1CB0061D8E2 /* Project object */ = {
			isa = PBXProject;
			attributes = {
				LastSwiftUpdateCheck = 1010;
				LastUpgradeCheck = 1010;
				ORGANIZATIONNAME = "jose perez";
				TargetAttributes = {
					07F3299E2224A1CB0061D8E2 = {
						CreatedOnToolsVersion = 10.1;
					};
				};
			};
			buildConfigurationList = 07F3299A2224A1CB0061D8E2 /* Build configuration list for PBXProject "Rick&Morty" */;
			compatibilityVersion = "Xcode 9.3";
			developmentRegion = en;
			hasScannedForEncodings = 0;
			knownRegions = (
				en,
				Base,
			);
			mainGroup = 07F329962224A1CB0061D8E2;
			productRefGroup = 07F329A02224A1CB0061D8E2 /* Products */;
			projectDirPath = "";
			projectRoot = "";
			targets = (
				07F3299E2224A1CB0061D8E2 /* Rick&Morty */,
			);
		};
/* End PBXProject section */

/* Begin PBXResourcesBuildPhase section */
		07F3299D2224A1CB0061D8E2 /* Resources */ = {
			isa = PBXResourcesBuildPhase;
			buildActionMask = 2147483647;
			files = (
				07F329AD2224A1CD0061D8E2 /* LaunchScreen.storyboard in Resources */,
				07F329AA2224A1CD0061D8E2 /* Assets.xcassets in Resources */,
				07F329A82224A1CB0061D8E2 /* Main.storyboard in Resources */,
			);
			runOnlyForDeploymentPostprocessing = 0;
		};
/* End PBXResourcesBuildPhase section */

/* Begin PBXSourcesBuildPhase section */
		07F3299B2224A1CB0061D8E2 /* Sources */ = {
			isa = PBXSourcesBuildPhase;
			buildActionMask = 2147483647;
			files = (
				07F329A52224A1CB0061D8E2 /* ViewController.swift in Sources */,
				07F329B52224CB9C0061D8E2 /* CharacterTableViewController.swift in Sources */,
				07CC08ED2225C14100A44B18 /* DetailCharacterTableViewCell.swift in Sources */,
				07CC08EB2225C0B600A44B18 /* DetailCharacterTableViewController.swift in Sources */,
				07CC08E922258FC600A44B18 /* CharacterTableViewCell.swift in Sources */,
				07F329A32224A1CB0061D8E2 /* AppDelegate.swift in Sources */,
				07F329B722251D890061D8E2 /* Modelos.swift in Sources */,
			);
			runOnlyForDeploymentPostprocessing = 0;
		};
/* End PBXSourcesBuildPhase section */

/* Begin PBXVariantGroup section */
		07F329A62224A1CB0061D8E2 /* Main.storyboard */ = {
			isa = PBXVariantGroup;
			children = (
				07F329A72224A1CB0061D8E2 /* Base */,
			);
			name = Main.storyboard;
			sourceTree = "<group>";
		};
		07F329AB2224A1CD0061D8E2 /* LaunchScreen.storyboard */ = {
			isa = PBXVariantGroup;
			children = (
				07F329AC2224A1CD0061D8E2 /* Base */,
			);
			name = LaunchScreen.storyboard;
			sourceTree = "<group>";
		};
/* End PBXVariantGroup section */

/* Begin XCBuildConfiguration section */
		07F329AF2224A1CD0061D8E2 /* Debug */ = {
			isa = XCBuildConfiguration;
			buildSettings = {
				ALWAYS_SEARCH_USER_PATHS = NO;
				CLANG_ANALYZER_NONNULL = YES;
				CLANG_ANALYZER_NUMBER_OBJECT_CONVERSION = YES_AGGRESSIVE;
				CLANG_CXX_LANGUAGE_STANDARD = "gnu++14";
				CLANG_CXX_LIBRARY = "libc++";
				CLANG_ENABLE_MODULES = YES;
				CLANG_ENABLE_OBJC_ARC = YES;
				CLANG_ENABLE_OBJC_WEAK = YES;
				CLANG_WARN_BLOCK_CAPTURE_AUTORELEASING = YES;
				CLANG_WARN_BOOL_CONVERSION = YES;
				CLANG_WARN_COMMA = YES;
				CLANG_WARN_CONSTANT_CONVERSION = YES;
				CLANG_WARN_DEPRECATED_OBJC_IMPLEMENTATIONS = YES;
				CLANG_WARN_DIRECT_OBJC_ISA_USAGE = YES_ERROR;
				CLANG_WARN_DOCUMENTATION_COMMENTS = YES;
				CLANG_WARN_EMPTY_BODY = YES;
				CLANG_WARN_ENUM_CONVERSION = YES;
				CLANG_WARN_INFINITE_RECURSION = YES;
				CLANG_WARN_INT_CONVERSION = YES;
				CLANG_WARN_NON_LITERAL_NULL_CONVERSION = YES;
				CLANG_WARN_OBJC_IMPLICIT_RETAIN_SELF = YES;
				CLANG_WARN_OBJC_LITERAL_CONVERSION = YES;
				CLANG_WARN_OBJC_ROOT_CLASS = YES_ERROR;
				CLANG_WARN_RANGE_LOOP_ANALYSIS = YES;
				CLANG_WARN_STRICT_PROTOTYPES = YES;
				CLANG_WARN_SUSPICIOUS_MOVE = YES;
				CLANG_WARN_UNGUARDED_AVAILABILITY = YES_AGGRESSIVE;
				CLANG_WARN_UNREACHABLE_CODE = YES;
				CLANG_WARN__DUPLICATE_METHOD_MATCH = YES;
				CODE_SIGN_IDENTITY = "iPhone Developer";
				COPY_PHASE_STRIP = NO;
				DEBUG_INFORMATION_FORMAT = dwarf;
				ENABLE_STRICT_OBJC_MSGSEND = YES;
				ENABLE_TESTABILITY = YES;
				GCC_C_LANGUAGE_STANDARD = gnu11;
				GCC_DYNAMIC_NO_PIC = NO;
				GCC_NO_COMMON_BLOCKS = YES;
				GCC_OPTIMIZATION_LEVEL = 0;
				GCC_PREPROCESSOR_DEFINITIONS = (
					"DEBUG=1",
					"$(inherited)",
				);
				GCC_WARN_64_TO_32_BIT_CONVERSION = YES;
				GCC_WARN_ABOUT_RETURN_TYPE = YES_ERROR;
				GCC_WARN_UNDECLARED_SELECTOR = YES;
				GCC_WARN_UNINITIALIZED_AUTOS = YES_AGGRESSIVE;
				GCC_WARN_UNUSED_FUNCTION = YES;
				GCC_WARN_UNUSED_VARIABLE = YES;
				IPHONEOS_DEPLOYMENT_TARGET = 12.1;
				MTL_ENABLE_DEBUG_INFO = INCLUDE_SOURCE;
				MTL_FAST_MATH = YES;
				ONLY_ACTIVE_ARCH = YES;
				SDKROOT = iphoneos;
				SWIFT_ACTIVE_COMPILATION_CONDITIONS = DEBUG;
				SWIFT_OPTIMIZATION_LEVEL = "-Onone";
			};
			name = Debug;
		};
		07F329B02224A1CD0061D8E2 /* Release */ = {
			isa = XCBuildConfiguration;
			buildSettings = {
				ALWAYS_SEARCH_USER_PATHS = NO;
				CLANG_ANALYZER_NONNULL = YES;
				CLANG_ANALYZER_NUMBER_OBJECT_CONVERSION = YES_AGGRESSIVE;
				CLANG_CXX_LANGUAGE_STANDARD = "gnu++14";
				CLANG_CXX_LIBRARY = "libc++";
				CLANG_ENABLE_MODULES = YES;
				CLANG_ENABLE_OBJC_ARC = YES;
				CLANG_ENABLE_OBJC_WEAK = YES;
				CLANG_WARN_BLOCK_CAPTURE_AUTORELEASING = YES;
				CLANG_WARN_BOOL_CONVERSION = YES;
				CLANG_WARN_COMMA = YES;
				CLANG_WARN_CONSTANT_CONVERSION = YES;
				CLANG_WARN_DEPRECATED_OBJC_IMPLEMENTATIONS = YES;
				CLANG_WARN_DIRECT_OBJC_ISA_USAGE = YES_ERROR;
				CLANG_WARN_DOCUMENTATION_COMMENTS = YES;
				CLANG_WARN_EMPTY_BODY = YES;
				CLANG_WARN_ENUM_CONVERSION = YES;
				CLANG_WARN_INFINITE_RECURSION = YES;
				CLANG_WARN_INT_CONVERSION = YES;
				CLANG_WARN_NON_LITERAL_NULL_CONVERSION = YES;
				CLANG_WARN_OBJC_IMPLICIT_RETAIN_SELF = YES;
				CLANG_WARN_OBJC_LITERAL_CONVERSION = YES;
				CLANG_WARN_OBJC_ROOT_CLASS = YES_ERROR;
				CLANG_WARN_RANGE_LOOP_ANALYSIS = YES;
				CLANG_WARN_STRICT_PROTOTYPES = YES;
				CLANG_WARN_SUSPICIOUS_MOVE = YES;
				CLANG_WARN_UNGUARDED_AVAILABILITY = YES_AGGRESSIVE;
				CLANG_WARN_UNREACHABLE_CODE = YES;
				CLANG_WARN__DUPLICATE_METHOD_MATCH = YES;
				CODE_SIGN_IDENTITY = "iPhone Developer";
				COPY_PHASE_STRIP = NO;
				DEBUG_INFORMATION_FORMAT = "dwarf-with-dsym";
				ENABLE_NS_ASSERTIONS = NO;
				ENABLE_STRICT_OBJC_MSGSEND = YES;
				GCC_C_LANGUAGE_STANDARD = gnu11;
				GCC_NO_COMMON_BLOCKS = YES;
				GCC_WARN_64_TO_32_BIT_CONVERSION = YES;
				GCC_WARN_ABOUT_RETURN_TYPE = YES_ERROR;
				GCC_WARN_UNDECLARED_SELECTOR = YES;
				GCC_WARN_UNINITIALIZED_AUTOS = YES_AGGRESSIVE;
				GCC_WARN_UNUSED_FUNCTION = YES;
				GCC_WARN_UNUSED_VARIABLE = YES;
				IPHONEOS_DEPLOYMENT_TARGET = 12.1;
				MTL_ENABLE_DEBUG_INFO = NO;
				MTL_FAST_MATH = YES;
				SDKROOT = iphoneos;
				SWIFT_COMPILATION_MODE = wholemodule;
				SWIFT_OPTIMIZATION_LEVEL = "-O";
				VALIDATE_PRODUCT = YES;
			};
			name = Release;
		};
		07F329B22224A1CD0061D8E2 /* Debug */ = {
			isa = XCBuildConfiguration;
			buildSettings = {
				ASSETCATALOG_COMPILER_APPICON_NAME = AppIcon;
				CODE_SIGN_STYLE = Automatic;
				DEVELOPMENT_TEAM = UBP5PEYJ2Z;
				INFOPLIST_FILE = "Rick&Morty/Info.plist";
				LD_RUNPATH_SEARCH_PATHS = (
					"$(inherited)",
					"@executable_path/Frameworks",
				);
				PRODUCT_BUNDLE_IDENTIFIER = jose.Rick;
				PRODUCT_NAME = "$(TARGET_NAME)";
				SWIFT_VERSION = 4.2;
				TARGETED_DEVICE_FAMILY = "1,2";
			};
			name = Debug;
		};
		07F329B32224A1CD0061D8E2 /* Release */ = {
			isa = XCBuildConfiguration;
			buildSettings = {
				ASSETCATALOG_COMPILER_APPICON_NAME = AppIcon;
				CODE_SIGN_STYLE = Automatic;
				DEVELOPMENT_TEAM = UBP5PEYJ2Z;
				INFOPLIST_FILE = "Rick&Morty/Info.plist";
				LD_RUNPATH_SEARCH_PATHS = (
					"$(inherited)",
					"@executable_path/Frameworks",
				);
				PRODUCT_BUNDLE_IDENTIFIER = jose.Rick;
				PRODUCT_NAME = "$(TARGET_NAME)";
				SWIFT_VERSION = 4.2;
				TARGETED_DEVICE_FAMILY = "1,2";
			};
			name = Release;
		};
/* End XCBuildConfiguration section */

/* Begin XCConfigurationList section */
		07F3299A2224A1CB0061D8E2 /* Build configuration list for PBXProject "Rick&Morty" */ = {
			isa = XCConfigurationList;
			buildConfigurations = (
				07F329AF2224A1CD0061D8E2 /* Debug */,
				07F329B02224A1CD0061D8E2 /* Release */,
			);
			defaultConfigurationIsVisible = 0;
			defaultConfigurationName = Release;
		};
		07F329B12224A1CD0061D8E2 /* Build configuration list for PBXNativeTarget "Rick&Morty" */ = {
			isa = XCConfigurationList;
			buildConfigurations = (
				07F329B22224A1CD0061D8E2 /* Debug */,
				07F329B32224A1CD0061D8E2 /* Release */,
			);
			defaultConfigurationIsVisible = 0;
			defaultConfigurationName = Release;
		};
/* End XCConfigurationList section */
	};
	rootObject = 07F329972224A1CB0061D8E2 /* Project object */;
}
